
Microsoft Visual Studio Solution File, Format Version 12.00
# Visual Studio Version 16
VisualStudioVersion = 16.0.30413.136
MinimumVisualStudioVersion = 10.0.40219.1
Project("{FAE04EC0-301F-11D3-BF4B-00C04F79EFBC}") = "MiCalculadora", "MiCalculadora\MiCalculadora.csproj", "{7CF337B8-C44A-426E-8143-32E0AC62564B}"
EndProject
Project("{FAE04EC0-301F-11D3-BF4B-00C04F79EFBC}") = "Entidades", "Entidades\Entidades.csproj", "{01B1B8DB-CF3D-47FF-B361-C0A35AC74F72}"
EndProject
Global
	GlobalSection(SolutionConfigurationPlatforms) = preSolution
		Debug|Any CPU = Debug|Any CPU
		Release|Any CPU = Release|Any CPU
	EndGlobalSection
	GlobalSection(ProjectConfigurationPlatforms) = postSolution
		{7CF337B8-C44A-426E-8143-32E0AC62564B}.Debug|Any CPU.ActiveCfg = Debug|Any CPU
		{7CF337B8-C44A-426E-8143-32E0AC62564B}.Debug|Any CPU.Build.0 = Debug|Any CPU
		{7CF337B8-C44A-426E-8143-32E0AC62564B}.Release|Any CPU.ActiveCfg = Release|Any CPU
		{7CF337B8-C44A-426E-8143-32E0AC62564B}.Release|Any CPU.Build.0 = Release|Any CPU
		{01B1B8DB-CF3D-47FF-B361-C0A35AC74F72}.Debug|Any CPU.ActiveCfg = Debug|Any CPU
		{01B1B8DB-CF3D-47FF-B361-C0A35AC74F72}.Debug|Any CPU.Build.0 = Debug|Any CPU
		{01B1B8DB-CF3D-47FF-B361-C0A35AC74F72}.Release|Any CPU.ActiveCfg = Release|Any CPU
		{01B1B8DB-CF3D-47FF-B361-C0A35AC74F72}.Release|Any CPU.Build.0 = Release|Any CPU
	EndGlobalSection
	GlobalSection(SolutionProperties) = preSolution
		HideSolutionNode = FALSE
	EndGlobalSection
	GlobalSection(ExtensibilityGlobals) = postSolution
		SolutionGuid = {4B7E3C14-8EAE-46B7-8F2A-0310041DAEBB}
	EndGlobalSection
EndGlobal
